
Microsoft Visual Studio Solution File, Format Version 12.00
# Visual Studio Version 16
VisualStudioVersion = 16.0.30717.126
MinimumVisualStudioVersion = 10.0.40219.1
Project("{9A19103F-16F7-4668-BE54-9A1E7A4F7556}") = "Antlr2BGF", "Antlr2BGF.csproj", "{44B67E97-E3B5-4D4A-A2B6-225AE474766A}"
EndProject
Project("{9A19103F-16F7-4668-BE54-9A1E7A4F7556}") = "Github Scraper", "..\Github Scraper\Github Scraper.csproj", "{5FE8EBE5-0B45-40D1-8729-48ABC1577EDC}"
EndProject
Global
	GlobalSection(SolutionConfigurationPlatforms) = preSolution
		Debug|Any CPU = Debug|Any CPU
		Release|Any CPU = Release|Any CPU
	EndGlobalSection
	GlobalSection(ProjectConfigurationPlatforms) = postSolution
		{44B67E97-E3B5-4D4A-A2B6-225AE474766A}.Debug|Any CPU.ActiveCfg = Debug|Any CPU
		{44B67E97-E3B5-4D4A-A2B6-225AE474766A}.Debug|Any CPU.Build.0 = Debug|Any CPU
		{44B67E97-E3B5-4D4A-A2B6-225AE474766A}.Release|Any CPU.ActiveCfg = Release|Any CPU
		{44B67E97-E3B5-4D4A-A2B6-225AE474766A}.Release|Any CPU.Build.0 = Release|Any CPU
		{5FE8EBE5-0B45-40D1-8729-48ABC1577EDC}.Debug|Any CPU.ActiveCfg = Debug|Any CPU
		{5FE8EBE5-0B45-40D1-8729-48ABC1577EDC}.Debug|Any CPU.Build.0 = Debug|Any CPU
		{5FE8EBE5-0B45-40D1-8729-48ABC1577EDC}.Release|Any CPU.ActiveCfg = Release|Any CPU
		{5FE8EBE5-0B45-40D1-8729-48ABC1577EDC}.Release|Any CPU.Build.0 = Release|Any CPU
	EndGlobalSection
	GlobalSection(SolutionProperties) = preSolution
		HideSolutionNode = FALSE
	EndGlobalSection
	GlobalSection(ExtensibilityGlobals) = postSolution
		SolutionGuid = {35478DBD-0827-43BC-8D2A-12BDDB58CC14}
	EndGlobalSection
EndGlobal
